PODS:
  - connectivity_plus (0.0.1):
    - Flutter
    - ReachabilitySwift
  - fk_user_agent (2.0.0):
    - Flutter
  - Flutter (1.0.0)
  - flutter_inappwebview (0.0.1):
    - Flutter
    - flutter_inappwebview/Core (= 0.0.1)
    - OrderedSet (~> 5.0)
  - flutter_inappwebview/Core (0.0.1):
    - Flutter
    - OrderedSet (~> 5.0)
  - flutter_keyboard_visibility (0.0.1):
    - Flutter
  - fluttertoast (0.0.2):
    - Flutter
    - Toast
  - FMDB (2.7.5):
    - FMDB/standard (= 2.7.5)
  - FMDB/standard (2.7.5)
  - image_cropper (0.0.4):
    - Flutter
    - TOCropViewController (~> 2.6.1)
  - image_picker_ios (0.0.1):
    - Flutter
  - libphonenumber_plugin (0.0.1):
    - Flutter
    - PhoneNumberKit
  - OrderedSet (5.0.0)
  - package_info_plus (0.4.5):
    - Flutter
  - path_provider_foundation (0.0.1):
    - Flutter
    - FlutterMacOS
  - persona_flutter (0.0.1):
    - Flutter
    - PersonaInquirySDK2 (= 2.8.0)
  - PersonaInquirySDK2 (2.8.0)
  - PhoneNumberKit (3.3.4):
    - PhoneNumberKit/PhoneNumberKitCore (= 3.3.4)
    - PhoneNumberKit/UIKit (= 3.3.4)
  - PhoneNumberKit/PhoneNumberKitCore (3.3.4)
  - PhoneNumberKit/UIKit (3.3.4):
    - PhoneNumberKit/PhoneNumberKitCore
  - ReachabilitySwift (5.0.0)
  - share_plus (0.0.1):
    - Flutter
  - shared_preferences_foundation (0.0.1):
    - Flutter
    - FlutterMacOS
  - sqflite (0.0.3):
    - Flutter
    - FMDB (>= 2.7.5)
  - Stripe (23.7.1):
    - StripeApplePay (= 23.7.1)
    - StripeCore (= 23.7.1)
    - StripePayments (= 23.7.1)
    - StripePaymentsUI (= 23.7.1)
    - StripeUICore (= 23.7.1)
  - stripe_ios (0.0.1):
    - Flutter
    - Stripe (~> 23.7.0)
    - StripeApplePay (~> 23.7.0)
    - StripeFinancialConnections (~> 23.7.0)
    - StripePayments (~> 23.7.0)
    - StripePaymentSheet (~> 23.7.0)
    - StripePaymentsUI (~> 23.7.0)
  - StripeApplePay (23.7.1):
    - StripeCore (= 23.7.1)
  - StripeCore (23.7.1)
  - StripeFinancialConnections (23.7.1):
    - StripeCore (= 23.7.1)
    - StripeUICore (= 23.7.1)
  - StripePayments (23.7.1):
    - StripeCore (= 23.7.1)
    - StripePayments/Stripe3DS2 (= 23.7.1)
  - StripePayments/Stripe3DS2 (23.7.1):
    - StripeCore (= 23.7.1)
  - StripePaymentSheet (23.7.1):
    - StripeApplePay (= 23.7.1)
    - StripeCore (= 23.7.1)
    - StripePayments (= 23.7.1)
    - StripePaymentsUI (= 23.7.1)
  - StripePaymentsUI (23.7.1):
    - StripeCore (= 23.7.1)
    - StripePayments (= 23.7.1)
    - StripeUICore (= 23.7.1)
  - StripeUICore (23.7.1):
    - StripeCore (= 23.7.1)
  - Toast (4.0.0)
  - TOCropViewController (2.6.1)
  - url_launcher_ios (0.0.1):
    - Flutter
  - webview_flutter_wkwebview (0.0.1):
    - Flutter

DEPENDENCIES:
  - connectivity_plus (from `.symlinks/plugins/connectivity_plus/ios`)
  - fk_user_agent (from `.symlinks/plugins/fk_user_agent/ios`)
  - Flutter (from `Flutter`)
  - flutter_inappwebview (from `.symlinks/plugins/flutter_inappwebview/ios`)
  - flutter_keyboard_visibility (from `.symlinks/plugins/flutter_keyboard_visibility/ios`)
  - fluttertoast (from `.symlinks/plugins/fluttertoast/ios`)
  - image_cropper (from `.symlinks/plugins/image_cropper/ios`)
  - image_picker_ios (from `.symlinks/plugins/image_picker_ios/ios`)
  - libphonenumber_plugin (from `.symlinks/plugins/libphonenumber_plugin/ios`)
  - package_info_plus (from `.symlinks/plugins/package_info_plus/ios`)
  - path_provider_foundation (from `.symlinks/plugins/path_provider_foundation/darwin`)
  - persona_flutter (from `.symlinks/plugins/persona_flutter/ios`)
  - share_plus (from `.symlinks/plugins/share_plus/ios`)
  - shared_preferences_foundation (from `.symlinks/plugins/shared_preferences_foundation/darwin`)
  - sqflite (from `.symlinks/plugins/sqflite/ios`)
  - stripe_ios (from `.symlinks/plugins/stripe_ios/ios`)
  - url_launcher_ios (from `.symlinks/plugins/url_launcher_ios/ios`)
  - webview_flutter_wkwebview (from `.symlinks/plugins/webview_flutter_wkwebview/ios`)

SPEC REPOS:
  trunk:
    - FMDB
    - OrderedSet
    - PersonaInquirySDK2
    - PhoneNumberKit
    - ReachabilitySwift
    - Stripe
    - StripeApplePay
    - StripeCore
    - StripeFinancialConnections
    - StripePayments
    - StripePaymentSheet
    - StripePaymentsUI
    - StripeUICore
    - Toast
    - TOCropViewController

EXTERNAL SOURCES:
  connectivity_plus:
    :path: ".symlinks/plugins/connectivity_plus/ios"
  fk_user_agent:
    :path: ".symlinks/plugins/fk_user_agent/ios"
  Flutter:
    :path: Flutter
  flutter_inappwebview:
    :path: ".symlinks/plugins/flutter_inappwebview/ios"
  flutter_keyboard_visibility:
    :path: ".symlinks/plugins/flutter_keyboard_visibility/ios"
  fluttertoast:
    :path: ".symlinks/plugins/fluttertoast/ios"
  image_cropper:
    :path: ".symlinks/plugins/image_cropper/ios"
  image_picker_ios:
    :path: ".symlinks/plugins/image_picker_ios/ios"
  libphonenumber_plugin:
    :path: ".symlinks/plugins/libphonenumber_plugin/ios"
  package_info_plus:
    :path: ".symlinks/plugins/package_info_plus/ios"
  path_provider_foundation:
    :path: ".symlinks/plugins/path_provider_foundation/darwin"
  persona_flutter:
    :path: ".symlinks/plugins/persona_flutter/ios"
  share_plus:
    :path: ".symlinks/plugins/share_plus/ios"
  shared_preferences_foundation:
    :path: ".symlinks/plugins/shared_preferences_foundation/darwin"
  sqflite:
    :path: ".symlinks/plugins/sqflite/ios"
  stripe_ios:
    :path: ".symlinks/plugins/stripe_ios/ios"
  url_launcher_ios:
    :path: ".symlinks/plugins/url_launcher_ios/ios"
  webview_flutter_wkwebview:
    :path: ".symlinks/plugins/webview_flutter_wkwebview/ios"

SPEC CHECKSUMS:
  connectivity_plus: 07c49e96d7fc92bc9920617b83238c4d178b446a
  fk_user_agent: 1f47ec39291e8372b1d692b50084b0d54103c545
  Flutter: f04841e97a9d0b0a8025694d0796dd46242b2854
  flutter_inappwebview: bfd58618f49dc62f2676de690fc6dcda1d6c3721
  flutter_keyboard_visibility: 0339d06371254c3eb25eeb90ba8d17dca8f9c069
  fluttertoast: fafc4fa4d01a6a9e4f772ecd190ffa525e9e2d9c
  FMDB: 2ce00b547f966261cd18927a3ddb07cb6f3db82a
  image_cropper: a3291c624a953049bc6a02e1f8c8ceb162a24b25
  image_picker_ios: 4a8aadfbb6dc30ad5141a2ce3832af9214a705b5
  libphonenumber_plugin: e8a7d64a6624a7c25f2c4ab0b7ead2a8e341e35e
  OrderedSet: aaeb196f7fef5a9edf55d89760da9176ad40b93c
  package_info_plus: fd030dabf36271f146f1f3beacd48f564b0f17f7
  path_provider_foundation: eaf5b3e458fc0e5fbb9940fb09980e853fe058b8
  persona_flutter: 00a2c6b091dafb0913cb12d54b7ceea1d0cd4567
  PersonaInquirySDK2: 5d5cfd2c9e1d70c7287bc063a63ea5a36b15a225
  PhoneNumberKit: 441e8b26ec88d598e3591de9061eff18f5dd12e8
  ReachabilitySwift: 985039c6f7b23a1da463388634119492ff86c825
  share_plus: 599aa54e4ea31d4b4c0e9c911bcc26c55e791028
  shared_preferences_foundation: e2dae3258e06f44cc55f49d42024fd8dd03c590c
  sqflite: 31f7eba61e3074736dff8807a9b41581e4f7f15a
  Stripe: fbe3d1d61cba70ac7a920c6097222ba9525352c4
  stripe_ios: 8e0be46c31e1758756e5fdc1613f751d4d945ae0
  StripeApplePay: 06e3899c9db102567804b77c41cec2861b5e2c39
  StripeCore: 9b331e5f9d4067ef7296718c680a73ad6f2d1066
  StripeFinancialConnections: 7d8116c4dcd3b034f13a181b4d96e6991b594cfc
  StripePayments: 46fbd561312cb300c93dd855b9c896285c8eb1fb
  StripePaymentSheet: 016fd1c6053efff1f348fc6f44babecacda9d0af
  StripePaymentsUI: cb06c01d3c9efde91ebce218f9e4e94e902dd676
  StripeUICore: a9db3f2a82c932d5ca58dd8fc4ac0a6b72f1ccee
  Toast: 91b396c56ee72a5790816f40d3a94dd357abc196
  TOCropViewController: edfd4f25713d56905ad1e0b9f5be3fbe0f59c863
  url_launcher_ios: 08a3dfac5fb39e8759aeb0abbd5d9480f30fc8b4
  webview_flutter_wkwebview: 2e2d318f21a5e036e2c3f26171342e95908bd60a

PODFILE CHECKSUM: 30517025a2fecca2d72dac25f08abb5b9a8f1a56

COCOAPODS: 1.12.1
